
Microsoft Visual Studio Solution File, Format Version 12.00
# Visual Studio 15
VisualStudioVersion = 15.0.26228.9
MinimumVisualStudioVersion = 10.0.40219.1
Project("{FAE04EC0-301F-11D3-BF4B-00C04F79EFBC}") = "ES-BackupManager", "ES-BackupManager\ES-BackupManager.csproj", "{EDD1C3CE-66A8-459B-BF62-079521A693EC}"
EndProject
Global
	GlobalSection(SolutionConfigurationPlatforms) = preSolution
		Debug|Any CPU = Debug|Any CPU
		Release|Any CPU = Release|Any CPU
	EndGlobalSection
	GlobalSection(ProjectConfigurationPlatforms) = postSolution
		{EDD1C3CE-66A8-459B-BF62-079521A693EC}.Debug|Any CPU.ActiveCfg = Debug|Any CPU
		{EDD1C3CE-66A8-459B-BF62-079521A693EC}.Debug|Any CPU.Build.0 = Debug|Any CPU
		{EDD1C3CE-66A8-459B-BF62-079521A693EC}.Release|Any CPU.ActiveCfg = Release|Any CPU
		{EDD1C3CE-66A8-459B-BF62-079521A693EC}.Release|Any CPU.Build.0 = Release|Any CPU
	EndGlobalSection
	GlobalSection(SolutionProperties) = preSolution
		HideSolutionNode = FALSE
	EndGlobalSection
EndGlobal
